
Microsoft Visual Studio Solution File, Format Version 12.00
# Visual Studio 15
VisualStudioVersion = 15.0.27130.2036
MinimumVisualStudioVersion = 10.0.40219.1
Project("{FAE04EC0-301F-11D3-BF4B-00C04F79EFBC}") = "HospitalMS", "HospitalMS\HospitalMS.csproj", "{4926320D-4437-4D1B-99D0-E6401C0AE14C}"
EndProject
Global
	GlobalSection(SolutionConfigurationPlatforms) = preSolution
		Debug|Any CPU = Debug|Any CPU
		Release|Any CPU = Release|Any CPU
	EndGlobalSection
	GlobalSection(ProjectConfigurationPlatforms) = postSolution
		{4926320D-4437-4D1B-99D0-E6401C0AE14C}.Debug|Any CPU.ActiveCfg = Debug|Any CPU
		{4926320D-4437-4D1B-99D0-E6401C0AE14C}.Debug|Any CPU.Build.0 = Debug|Any CPU
		{4926320D-4437-4D1B-99D0-E6401C0AE14C}.Release|Any CPU.ActiveCfg = Release|Any CPU
		{4926320D-4437-4D1B-99D0-E6401C0AE14C}.Release|Any CPU.Build.0 = Release|Any CPU
	EndGlobalSection
	GlobalSection(SolutionProperties) = preSolution
		HideSolutionNode = FALSE
	EndGlobalSection
	GlobalSection(ExtensibilityGlobals) = postSolution
		SolutionGuid = {A2B16CDF-972E-443D-B2E5-B5EDE5272412}
	EndGlobalSection
EndGlobal
